
Microsoft Visual Studio Solution File, Format Version 12.00
# Visual Studio Version 17
VisualStudioVersion = 17.14.36408.4 d17.14
MinimumVisualStudioVersion = 10.0.40219.1
Project("{FAE04EC0-301F-11D3-BF4B-00C04F79EFBC}") = "WindowsFormsApp1", "WindowsFormsApp1.csproj", "{7509F657-6ECF-4B4E-815B-0FE66BA0892D}"
EndProject
Global
	GlobalSection(SolutionConfigurationPlatforms) = preSolution
		Debug|Any CPU = Debug|Any CPU
		Release|Any CPU = Release|Any CPU
	EndGlobalSection
	GlobalSection(ProjectConfigurationPlatforms) = postSolution
		{7509F657-6ECF-4B4E-815B-0FE66BA0892D}.Debug|Any CPU.ActiveCfg = Debug|Any CPU
		{7509F657-6ECF-4B4E-815B-0FE66BA0892D}.Debug|Any CPU.Build.0 = Debug|Any CPU
		{7509F657-6ECF-4B4E-815B-0FE66BA0892D}.Release|Any CPU.ActiveCfg = Release|Any CPU
		{7509F657-6ECF-4B4E-815B-0FE66BA0892D}.Release|Any CPU.Build.0 = Release|Any CPU
	EndGlobalSection
	GlobalSection(SolutionProperties) = preSolution
		HideSolutionNode = FALSE
	EndGlobalSection
	GlobalSection(ExtensibilityGlobals) = postSolution
		SolutionGuid = {7FCD7D08-F3D3-40FE-AC9F-FDC0084F8096}
	EndGlobalSection
EndGlobal
